
Microsoft Visual Studio Solution File, Format Version 12.00
Project("{FAE04EC0-301F-11D3-BF4B-00C04F79EFBC}") = "Game", "Game\Game.csproj", "{A6F28D49-DF2D-4EBA-A3F8-59B18CA484A2}"
EndProject
Global
	GlobalSection(SolutionConfigurationPlatforms) = preSolution
		Debug|Any CPU = Debug|Any CPU
		Release|Any CPU = Release|Any CPU
	EndGlobalSection
	GlobalSection(ProjectConfigurationPlatforms) = postSolution
		{A6F28D49-DF2D-4EBA-A3F8-59B18CA484A2}.Debug|Any CPU.ActiveCfg = Debug|Any CPU
		{A6F28D49-DF2D-4EBA-A3F8-59B18CA484A2}.Debug|Any CPU.Build.0 = Debug|Any CPU
		{A6F28D49-DF2D-4EBA-A3F8-59B18CA484A2}.Release|Any CPU.ActiveCfg = Release|Any CPU
		{A6F28D49-DF2D-4EBA-A3F8-59B18CA484A2}.Release|Any CPU.Build.0 = Release|Any CPU
	EndGlobalSection
EndGlobal
